
Microsoft Visual Studio Solution File, Format Version 12.00
# Visual Studio Version 17
VisualStudioVersion = 17.1.32421.90
MinimumVisualStudioVersion = 10.0.40219.1
Project("{9A19103F-16F7-4668-BE54-9A1E7A4F7556}") = "PaparaRepositoryPattern.UI", "PaparaRepositoryPattern\PaparaRepositoryPattern.UI.csproj", "{F2EAE7E2-8E86-4EEC-A7C3-3DFE95FC5931}"
EndProject
Project("{9A19103F-16F7-4668-BE54-9A1E7A4F7556}") = "PaparaRepositoryPattern.Services", "PaparaRepositoryPattern.Service\PaparaRepositoryPattern.Services.csproj", "{7EB9F9E9-350E-427D-91A7-F2E58B21AFCD}"
EndProject
Project("{9A19103F-16F7-4668-BE54-9A1E7A4F7556}") = "PaparaRepositoryPattern.Data", "PaparaRepositoryPattern.Data\PaparaRepositoryPattern.Data.csproj", "{EE5A609C-45E9-46AA-AA4E-0AAF48AAB845}"
EndProject
Project("{9A19103F-16F7-4668-BE54-9A1E7A4F7556}") = "PaparaRepositoryPattern.Domain", "PaparaRepositoryPattern.Domain\PaparaRepositoryPattern.Domain.csproj", "{F8DA5CB3-D31F-416D-9B32-E0BEACD349FB}"
EndProject
Project("{9A19103F-16F7-4668-BE54-9A1E7A4F7556}") = "PaparaRepositoryPattern.API", "PaparaRepositoryPattern.API\PaparaRepositoryPattern.API.csproj", "{C5FEA5FE-6ADE-43AE-8945-610602CFD866}"
EndProject
Global
	GlobalSection(SolutionConfigurationPlatforms) = preSolution
		Debug|Any CPU = Debug|Any CPU
		Release|Any CPU = Release|Any CPU
	EndGlobalSection
	GlobalSection(ProjectConfigurationPlatforms) = postSolution
		{F2EAE7E2-8E86-4EEC-A7C3-3DFE95FC5931}.Debug|Any CPU.ActiveCfg = Debug|Any CPU
		{F2EAE7E2-8E86-4EEC-A7C3-3DFE95FC5931}.Debug|Any CPU.Build.0 = Debug|Any CPU
		{F2EAE7E2-8E86-4EEC-A7C3-3DFE95FC5931}.Release|Any CPU.ActiveCfg = Release|Any CPU
		{F2EAE7E2-8E86-4EEC-A7C3-3DFE95FC5931}.Release|Any CPU.Build.0 = Release|Any CPU
		{7EB9F9E9-350E-427D-91A7-F2E58B21AFCD}.Debug|Any CPU.ActiveCfg = Debug|Any CPU
		{7EB9F9E9-350E-427D-91A7-F2E58B21AFCD}.Debug|Any CPU.Build.0 = Debug|Any CPU
		{7EB9F9E9-350E-427D-91A7-F2E58B21AFCD}.Release|Any CPU.ActiveCfg = Release|Any CPU
		{7EB9F9E9-350E-427D-91A7-F2E58B21AFCD}.Release|Any CPU.Build.0 = Release|Any CPU
		{EE5A609C-45E9-46AA-AA4E-0AAF48AAB845}.Debug|Any CPU.ActiveCfg = Debug|Any CPU
		{EE5A609C-45E9-46AA-AA4E-0AAF48AAB845}.Debug|Any CPU.Build.0 = Debug|Any CPU
		{EE5A609C-45E9-46AA-AA4E-0AAF48AAB845}.Release|Any CPU.ActiveCfg = Release|Any CPU
		{EE5A609C-45E9-46AA-AA4E-0AAF48AAB845}.Release|Any CPU.Build.0 = Release|Any CPU
		{F8DA5CB3-D31F-416D-9B32-E0BEACD349FB}.Debug|Any CPU.ActiveCfg = Debug|Any CPU
		{F8DA5CB3-D31F-416D-9B32-E0BEACD349FB}.Debug|Any CPU.Build.0 = Debug|Any CPU
		{F8DA5CB3-D31F-416D-9B32-E0BEACD349FB}.Release|Any CPU.ActiveCfg = Release|Any CPU
		{F8DA5CB3-D31F-416D-9B32-E0BEACD349FB}.Release|Any CPU.Build.0 = Release|Any CPU
		{C5FEA5FE-6ADE-43AE-8945-610602CFD866}.Debug|Any CPU.ActiveCfg = Debug|Any CPU
		{C5FEA5FE-6ADE-43AE-8945-610602CFD866}.Debug|Any CPU.Build.0 = Debug|Any CPU
		{C5FEA5FE-6ADE-43AE-8945-610602CFD866}.Release|Any CPU.ActiveCfg = Release|Any CPU
		{C5FEA5FE-6ADE-43AE-8945-610602CFD866}.Release|Any CPU.Build.0 = Release|Any CPU
	EndGlobalSection
	GlobalSection(SolutionProperties) = preSolution
		HideSolutionNode = FALSE
	EndGlobalSection
	GlobalSection(ExtensibilityGlobals) = postSolution
		SolutionGuid = {B787A59B-780E-415A-A99D-1334F06D4B8C}
	EndGlobalSection
EndGlobal
